
Microsoft Visual Studio Solution File, Format Version 12.00
Project("{2150E333-8FDC-42A3-9474-1A3956D46DE8}") = "src", "src", "{BE40DC8B-8546-42A4-A8B6-40B291AF74C8}"
EndProject
Project("{FAE04EC0-301F-11D3-BF4B-00C04F79EFBC}") = "Repositories", "src\Repositories\Repositories.csproj", "{E043F2C0-82EB-4333-B8F1-BE0269F0411B}"
EndProject
Project("{FAE04EC0-301F-11D3-BF4B-00C04F79EFBC}") = "Services", "src\Services\Services.csproj", "{526228FB-F3AF-4A16-978D-DE07E8EADB71}"
EndProject
Project("{FAE04EC0-301F-11D3-BF4B-00C04F79EFBC}") = "Models", "src\Models\Models.csproj", "{DEEE7A29-0D1A-4539-8727-34E8AF5AACC0}"
EndProject
Project("{FAE04EC0-301F-11D3-BF4B-00C04F79EFBC}") = "Middlewares", "src\Middlewares\Middlewares.csproj", "{74638DC4-DE06-45EA-87C3-CAF440D9856B}"
EndProject
Project("{FAE04EC0-301F-11D3-BF4B-00C04F79EFBC}") = "JourneyFinderMVC", "src\JourneyFinderMVC\JourneyFinderMVC.csproj", "{02C9A593-D920-4B98-931E-799623397901}"
EndProject
Global
	GlobalSection(SolutionConfigurationPlatforms) = preSolution
		Debug|Any CPU = Debug|Any CPU
		Release|Any CPU = Release|Any CPU
	EndGlobalSection
	GlobalSection(NestedProjects) = preSolution
		{E043F2C0-82EB-4333-B8F1-BE0269F0411B} = {BE40DC8B-8546-42A4-A8B6-40B291AF74C8}
		{526228FB-F3AF-4A16-978D-DE07E8EADB71} = {BE40DC8B-8546-42A4-A8B6-40B291AF74C8}
		{DEEE7A29-0D1A-4539-8727-34E8AF5AACC0} = {BE40DC8B-8546-42A4-A8B6-40B291AF74C8}
		{74638DC4-DE06-45EA-87C3-CAF440D9856B} = {BE40DC8B-8546-42A4-A8B6-40B291AF74C8}
		{02C9A593-D920-4B98-931E-799623397901} = {BE40DC8B-8546-42A4-A8B6-40B291AF74C8}
	EndGlobalSection
	GlobalSection(ProjectConfigurationPlatforms) = postSolution
		{E043F2C0-82EB-4333-B8F1-BE0269F0411B}.Debug|Any CPU.ActiveCfg = Debug|Any CPU
		{E043F2C0-82EB-4333-B8F1-BE0269F0411B}.Debug|Any CPU.Build.0 = Debug|Any CPU
		{E043F2C0-82EB-4333-B8F1-BE0269F0411B}.Release|Any CPU.ActiveCfg = Release|Any CPU
		{E043F2C0-82EB-4333-B8F1-BE0269F0411B}.Release|Any CPU.Build.0 = Release|Any CPU
		{526228FB-F3AF-4A16-978D-DE07E8EADB71}.Debug|Any CPU.ActiveCfg = Debug|Any CPU
		{526228FB-F3AF-4A16-978D-DE07E8EADB71}.Debug|Any CPU.Build.0 = Debug|Any CPU
		{526228FB-F3AF-4A16-978D-DE07E8EADB71}.Release|Any CPU.ActiveCfg = Release|Any CPU
		{526228FB-F3AF-4A16-978D-DE07E8EADB71}.Release|Any CPU.Build.0 = Release|Any CPU
		{DEEE7A29-0D1A-4539-8727-34E8AF5AACC0}.Debug|Any CPU.ActiveCfg = Debug|Any CPU
		{DEEE7A29-0D1A-4539-8727-34E8AF5AACC0}.Debug|Any CPU.Build.0 = Debug|Any CPU
		{DEEE7A29-0D1A-4539-8727-34E8AF5AACC0}.Release|Any CPU.ActiveCfg = Release|Any CPU
		{DEEE7A29-0D1A-4539-8727-34E8AF5AACC0}.Release|Any CPU.Build.0 = Release|Any CPU
		{74638DC4-DE06-45EA-87C3-CAF440D9856B}.Debug|Any CPU.ActiveCfg = Debug|Any CPU
		{74638DC4-DE06-45EA-87C3-CAF440D9856B}.Debug|Any CPU.Build.0 = Debug|Any CPU
		{74638DC4-DE06-45EA-87C3-CAF440D9856B}.Release|Any CPU.ActiveCfg = Release|Any CPU
		{74638DC4-DE06-45EA-87C3-CAF440D9856B}.Release|Any CPU.Build.0 = Release|Any CPU
		{02C9A593-D920-4B98-931E-799623397901}.Debug|Any CPU.ActiveCfg = Debug|Any CPU
		{02C9A593-D920-4B98-931E-799623397901}.Debug|Any CPU.Build.0 = Debug|Any CPU
		{02C9A593-D920-4B98-931E-799623397901}.Release|Any CPU.ActiveCfg = Release|Any CPU
		{02C9A593-D920-4B98-931E-799623397901}.Release|Any CPU.Build.0 = Release|Any CPU
	EndGlobalSection
EndGlobal
